
Microsoft Visual Studio Solution File, Format Version 12.00
# Visual Studio 15
VisualStudioVersion = 15.0.27703.2042
MinimumVisualStudioVersion = 10.0.40219.1
Project("{FAE04EC0-301F-11D3-BF4B-00C04F79EFBC}") = "TestApp", "TestApp\TestApp.csproj", "{D789947A-2705-4144-A2AA-1AFE66BCB1B8}"
EndProject
Project("{FAE04EC0-301F-11D3-BF4B-00C04F79EFBC}") = "TestApp.Tests", "TestApp.Tests\TestApp.Tests.csproj", "{D66B68AE-F506-470B-B570-C6CDD9C1897C}"
EndProject
Global
	GlobalSection(SolutionConfigurationPlatforms) = preSolution
		Debug|Any CPU = Debug|Any CPU
		Release|Any CPU = Release|Any CPU
	EndGlobalSection
	GlobalSection(ProjectConfigurationPlatforms) = postSolution
		{D789947A-2705-4144-A2AA-1AFE66BCB1B8}.Debug|Any CPU.ActiveCfg = Debug|Any CPU
		{D789947A-2705-4144-A2AA-1AFE66BCB1B8}.Debug|Any CPU.Build.0 = Debug|Any CPU
		{D789947A-2705-4144-A2AA-1AFE66BCB1B8}.Release|Any CPU.ActiveCfg = Release|Any CPU
		{D789947A-2705-4144-A2AA-1AFE66BCB1B8}.Release|Any CPU.Build.0 = Release|Any CPU
		{D66B68AE-F506-470B-B570-C6CDD9C1897C}.Debug|Any CPU.ActiveCfg = Debug|Any CPU
		{D66B68AE-F506-470B-B570-C6CDD9C1897C}.Debug|Any CPU.Build.0 = Debug|Any CPU
		{D66B68AE-F506-470B-B570-C6CDD9C1897C}.Release|Any CPU.ActiveCfg = Release|Any CPU
		{D66B68AE-F506-470B-B570-C6CDD9C1897C}.Release|Any CPU.Build.0 = Release|Any CPU
	EndGlobalSection
	GlobalSection(SolutionProperties) = preSolution
		HideSolutionNode = FALSE
	EndGlobalSection
	GlobalSection(ExtensibilityGlobals) = postSolution
		SolutionGuid = {3BA8F84D-ED1C-43FF-A573-7CD46662754A}
	EndGlobalSection
EndGlobal
